{
  "name": "gopro-telemetry-workspace",
  "version": "1.0.0",
  "lockfileVersion": 3,
  "requires": true,
  "packages": {
    "": {
      "name": "gopro-telemetry-workspace",
      "version": "1.0.0",
      "license": "MIT",
      "dependencies": {
        "gopro-telemetry": "1.2.9",
        "gpmf-extract": "0.3.2"
      }
    },
    "node_modules/binary-parser": {
      "version": "2.2.1",
      "resolved": "https://registry.npmjs.org/binary-parser/-/binary-parser-2.2.1.tgz",
      "integrity": "sha512-5ATpz/uPDgq5GgEDxTB4ouXCde7q2lqAQlSdBRQVl/AJnxmQmhIfyxJx+0MGu//D5rHQifkfGbWWlaysG0o9NA==",
      "engines": {
        "node": ">=12"
      }
    },
    "node_modules/gopro-telemetry": {
      "version": "1.2.9",
      "resolved": "https://registry.npmjs.org/gopro-telemetry/-/gopro-telemetry-1.2.9.tgz",
      "integrity": "sha512-rHdBnmUGbKz4ToLe0SPUkBvXKDsPGLjrBmXi0414CfVAnfENYETnIW4vPFpjKns2fOTI+pWwzm0agSGTrv/ePA==",
      "dependencies": {
        "binary-parser": "^2.2.1"
      },
      "peerDependencies": {
        "egm96-universal": "^1.1.0"
      },
      "peerDependenciesMeta": {
        "egm96-universal": {
          "optional": true
        }
      }
    },
    "node_modules/gpmf-extract": {
      "version": "0.3.2",
      "resolved": "https://registry.npmjs.org/gpmf-extract/-/gpmf-extract-0.3.2.tgz",
      "integrity": "sha512-BVyPrBdTZqRGovWoxWpm12JuR+5oLpzszC0uJdfew5IFCnFx2dy6B/whbmTi7r4CNPn3vOBX1YYPN5bmcLOeXg==",
      "dependencies": {
        "mp4box": "^0.5.2"
      }
    },
    "node_modules/mp4box": {
      "version": "0.5.4",
      "resolved": "https://registry.npmjs.org/mp4box/-/mp4box-0.5.4.tgz",
      "integrity": "sha512-GcCH0fySxBurJtvr0dfhz0IxHZjc1RP+F+I8xw+LIwkU1a+7HJx8NCDiww1I5u4Hz6g4eR1JlGADEGJ9r4lSfA=="
    }
  }
}
